
Microsoft Visual Studio Solution File, Format Version 12.00
# Visual Studio Version 17
VisualStudioVersion = 17.9.34701.34
MinimumVisualStudioVersion = 10.0.40219.1
Project("{FAE04EC0-301F-11D3-BF4B-00C04F79EFBC}") = "cp2 - .net", "cp2 - .net\cp2 - .net.csproj", "{20306061-6952-4077-B05F-A00E591B703D}"
EndProject
Global
	GlobalSection(SolutionConfigurationPlatforms) = preSolution
		Debug|Any CPU = Debug|Any CPU
		Release|Any CPU = Release|Any CPU
	EndGlobalSection
	GlobalSection(ProjectConfigurationPlatforms) = postSolution
		{20306061-6952-4077-B05F-A00E591B703D}.Debug|Any CPU.ActiveCfg = Debug|Any CPU
		{20306061-6952-4077-B05F-A00E591B703D}.Debug|Any CPU.Build.0 = Debug|Any CPU
		{20306061-6952-4077-B05F-A00E591B703D}.Release|Any CPU.ActiveCfg = Release|Any CPU
		{20306061-6952-4077-B05F-A00E591B703D}.Release|Any CPU.Build.0 = Release|Any CPU
	EndGlobalSection
	GlobalSection(SolutionProperties) = preSolution
		HideSolutionNode = FALSE
	EndGlobalSection
	GlobalSection(ExtensibilityGlobals) = postSolution
		SolutionGuid = {4D40F47D-665E-425B-9857-FF914D4935AB}
	EndGlobalSection
EndGlobal
